
Microsoft Visual Studio Solution File, Format Version 12.00
# Visual Studio Version 17
VisualStudioVersion = 17.13.35825.156
MinimumVisualStudioVersion = 10.0.40219.1
Project("{2150E333-8FDC-42A3-9474-1A3956D46DE8}") = "Hafta1", "Hafta1", "{02EA681E-C7D8-13C7-8484-4AC65E1B71E8}"
EndProject
Project("{FAE04EC0-301F-11D3-BF4B-00C04F79EFBC}") = "MauiApp1", "Hafta1\MauiApp1\MauiApp1.csproj", "{1965E47D-59EB-4CB5-9AE2-6821D12CA3BF}"
EndProject
Project("{2150E333-8FDC-42A3-9474-1A3956D46DE8}") = "Hafta2", "Hafta2", "{C7FCBB0F-EFCD-4241-8727-C273C1602CBF}"
EndProject
Project("{FAE04EC0-301F-11D3-BF4B-00C04F79EFBC}") = "MauiAppLayouts", "Hafta2\MauiAppLayouts\MauiAppLayouts.csproj", "{80526DF2-C43E-400E-9C3E-DD3CC94E3297}"
EndProject
Project("{2150E333-8FDC-42A3-9474-1A3956D46DE8}") = "Hafta4", "Hafta4", "{707DA459-EB11-4D9D-80C7-87DC528A928C}"
EndProject
Project("{FAE04EC0-301F-11D3-BF4B-00C04F79EFBC}") = "MauiAppEmlak", "Hafta4\MauiAppEmlak\MauiAppEmlak.csproj", "{ED0B4894-C61E-45CF-9F6E-15B0A89E80FA}"
EndProject
Global
	GlobalSection(SolutionConfigurationPlatforms) = preSolution
		Debug|Any CPU = Debug|Any CPU
		Release|Any CPU = Release|Any CPU
	EndGlobalSection
	GlobalSection(ProjectConfigurationPlatforms) = postSolution
		{1965E47D-59EB-4CB5-9AE2-6821D12CA3BF}.Debug|Any CPU.ActiveCfg = Debug|Any CPU
		{1965E47D-59EB-4CB5-9AE2-6821D12CA3BF}.Debug|Any CPU.Build.0 = Debug|Any CPU
		{1965E47D-59EB-4CB5-9AE2-6821D12CA3BF}.Release|Any CPU.ActiveCfg = Release|Any CPU
		{1965E47D-59EB-4CB5-9AE2-6821D12CA3BF}.Release|Any CPU.Build.0 = Release|Any CPU
		{80526DF2-C43E-400E-9C3E-DD3CC94E3297}.Debug|Any CPU.ActiveCfg = Debug|Any CPU
		{80526DF2-C43E-400E-9C3E-DD3CC94E3297}.Debug|Any CPU.Build.0 = Debug|Any CPU
		{80526DF2-C43E-400E-9C3E-DD3CC94E3297}.Release|Any CPU.ActiveCfg = Release|Any CPU
		{80526DF2-C43E-400E-9C3E-DD3CC94E3297}.Release|Any CPU.Build.0 = Release|Any CPU
		{ED0B4894-C61E-45CF-9F6E-15B0A89E80FA}.Debug|Any CPU.ActiveCfg = Debug|Any CPU
		{ED0B4894-C61E-45CF-9F6E-15B0A89E80FA}.Debug|Any CPU.Build.0 = Debug|Any CPU
		{ED0B4894-C61E-45CF-9F6E-15B0A89E80FA}.Release|Any CPU.ActiveCfg = Release|Any CPU
		{ED0B4894-C61E-45CF-9F6E-15B0A89E80FA}.Release|Any CPU.Build.0 = Release|Any CPU
	EndGlobalSection
	GlobalSection(SolutionProperties) = preSolution
		HideSolutionNode = FALSE
	EndGlobalSection
	GlobalSection(NestedProjects) = preSolution
		{1965E47D-59EB-4CB5-9AE2-6821D12CA3BF} = {02EA681E-C7D8-13C7-8484-4AC65E1B71E8}
		{80526DF2-C43E-400E-9C3E-DD3CC94E3297} = {C7FCBB0F-EFCD-4241-8727-C273C1602CBF}
		{ED0B4894-C61E-45CF-9F6E-15B0A89E80FA} = {707DA459-EB11-4D9D-80C7-87DC528A928C}
	EndGlobalSection
	GlobalSection(ExtensibilityGlobals) = postSolution
		SolutionGuid = {5F97D7F3-D0F7-4661-ADC0-CD1AA306138D}
	EndGlobalSection
EndGlobal
