
Microsoft Visual Studio Solution File, Format Version 12.00
# Visual Studio Version 17
VisualStudioVersion = 17.13.35825.156
MinimumVisualStudioVersion = 10.0.40219.1
Project("{2150E333-8FDC-42A3-9474-1A3956D46DE8}") = "Hafta1", "Hafta1", "{02EA681E-C7D8-13C7-8484-4AC65E1B71E8}"
EndProject
Project("{FAE04EC0-301F-11D3-BF4B-00C04F79EFBC}") = "MauiApp1", "Hafta1\MauiApp1\MauiApp1.csproj", "{1965E47D-59EB-4CB5-9AE2-6821D12CA3BF}"
EndProject
Project("{2150E333-8FDC-42A3-9474-1A3956D46DE8}") = "Hafta2", "Hafta2", "{C7FCBB0F-EFCD-4241-8727-C273C1602CBF}"
EndProject
Project("{FAE04EC0-301F-11D3-BF4B-00C04F79EFBC}") = "MauiAppLayouts", "Hafta2\MauiAppLayouts\MauiAppLayouts.csproj", "{80526DF2-C43E-400E-9C3E-DD3CC94E3297}"
EndProject
Project("{2150E333-8FDC-42A3-9474-1A3956D46DE8}") = "Hafta4", "Hafta4", "{707DA459-EB11-4D9D-80C7-87DC528A928C}"
EndProject
Project("{FAE04EC0-301F-11D3-BF4B-00C04F79EFBC}") = "MauiAppEmlak", "Hafta4\MauiAppEmlak\MauiAppEmlak.csproj", "{ED0B4894-C61E-45CF-9F6E-15B0A89E80FA}"
EndProject
Project("{2150E333-8FDC-42A3-9474-1A3956D46DE8}") = "Hafta5", "Hafta5", "{CF8E3935-6E62-4B2B-BE9D-670C2FCA145E}"
EndProject
Project("{FAE04EC0-301F-11D3-BF4B-00C04F79EFBC}") = "MauiAppTodo", "Hafta5\MauiAppTodo\MauiAppTodo.csproj", "{2DDCF239-D2AC-4D70-BC43-12908E06DA2C}"
EndProject
Project("{2150E333-8FDC-42A3-9474-1A3956D46DE8}") = "Hafta6", "Hafta6", "{55FC1639-0FC5-47D8-9AA3-AF2CEC3A52C2}"
EndProject
Project("{FAE04EC0-301F-11D3-BF4B-00C04F79EFBC}") = "MauiRehberUI", "Hafta6\MauiRehberUI\MauiRehberUI.csproj", "{219CC8E0-1438-4836-A22A-B00D3ECAF8E9}"
EndProject
Project("{FAE04EC0-301F-11D3-BF4B-00C04F79EFBC}") = "RehberEntity", "Hafta6\RehberEntity\RehberEntity.csproj", "{314F23FF-8D3F-4701-875A-3FEE00B0EFCF}"
EndProject
Project("{FAE04EC0-301F-11D3-BF4B-00C04F79EFBC}") = "RehberDL", "Hafta6\RehberDL\RehberDL.csproj", "{5C495C0C-C1EF-433E-B61B-B7564E6742EB}"
EndProject
Project("{FAE04EC0-301F-11D3-BF4B-00C04F79EFBC}") = "RehberBL", "Hafta6\RehberBL\RehberBL.csproj", "{153D0FDE-462A-44D2-9428-3B83E96ED1B8}"
EndProject
Project("{2150E333-8FDC-42A3-9474-1A3956D46DE8}") = "Hafta7", "Hafta7", "{CD391B39-03E2-490B-AC57-782969CFDE19}"
EndProject
Project("{FAE04EC0-301F-11D3-BF4B-00C04F79EFBC}") = "MauiAppApi", "Hafta7\MauiAppApi\MauiAppApi.csproj", "{13BD1821-CD12-48D2-B169-6B7137FAFF2F}"
EndProject
Project("{2150E333-8FDC-42A3-9474-1A3956D46DE8}") = "Hafta8", "Hafta8", "{EDBBC471-F63E-4ADF-B6F2-7740DFAD2D55}"
EndProject
Project("{FAE04EC0-301F-11D3-BF4B-00C04F79EFBC}") = "MauiAppHaberler", "Hafta8\MauiAppHaberler\MauiAppHaberler.csproj", "{82BAB6DC-DE50-4F46-81D7-38B9FE4268B7}"
EndProject
Global
	GlobalSection(SolutionConfigurationPlatforms) = preSolution
		Debug|Any CPU = Debug|Any CPU
		Release|Any CPU = Release|Any CPU
	EndGlobalSection
	GlobalSection(ProjectConfigurationPlatforms) = postSolution
		{1965E47D-59EB-4CB5-9AE2-6821D12CA3BF}.Debug|Any CPU.ActiveCfg = Debug|Any CPU
		{1965E47D-59EB-4CB5-9AE2-6821D12CA3BF}.Debug|Any CPU.Build.0 = Debug|Any CPU
		{1965E47D-59EB-4CB5-9AE2-6821D12CA3BF}.Release|Any CPU.ActiveCfg = Release|Any CPU
		{1965E47D-59EB-4CB5-9AE2-6821D12CA3BF}.Release|Any CPU.Build.0 = Release|Any CPU
		{80526DF2-C43E-400E-9C3E-DD3CC94E3297}.Debug|Any CPU.ActiveCfg = Debug|Any CPU
		{80526DF2-C43E-400E-9C3E-DD3CC94E3297}.Debug|Any CPU.Build.0 = Debug|Any CPU
		{80526DF2-C43E-400E-9C3E-DD3CC94E3297}.Release|Any CPU.ActiveCfg = Release|Any CPU
		{80526DF2-C43E-400E-9C3E-DD3CC94E3297}.Release|Any CPU.Build.0 = Release|Any CPU
		{ED0B4894-C61E-45CF-9F6E-15B0A89E80FA}.Debug|Any CPU.ActiveCfg = Debug|Any CPU
		{ED0B4894-C61E-45CF-9F6E-15B0A89E80FA}.Debug|Any CPU.Build.0 = Debug|Any CPU
		{ED0B4894-C61E-45CF-9F6E-15B0A89E80FA}.Release|Any CPU.ActiveCfg = Release|Any CPU
		{ED0B4894-C61E-45CF-9F6E-15B0A89E80FA}.Release|Any CPU.Build.0 = Release|Any CPU
		{2DDCF239-D2AC-4D70-BC43-12908E06DA2C}.Debug|Any CPU.ActiveCfg = Debug|Any CPU
		{2DDCF239-D2AC-4D70-BC43-12908E06DA2C}.Debug|Any CPU.Build.0 = Debug|Any CPU
		{2DDCF239-D2AC-4D70-BC43-12908E06DA2C}.Release|Any CPU.ActiveCfg = Release|Any CPU
		{2DDCF239-D2AC-4D70-BC43-12908E06DA2C}.Release|Any CPU.Build.0 = Release|Any CPU
		{219CC8E0-1438-4836-A22A-B00D3ECAF8E9}.Debug|Any CPU.ActiveCfg = Debug|Any CPU
		{219CC8E0-1438-4836-A22A-B00D3ECAF8E9}.Debug|Any CPU.Build.0 = Debug|Any CPU
		{219CC8E0-1438-4836-A22A-B00D3ECAF8E9}.Release|Any CPU.ActiveCfg = Release|Any CPU
		{219CC8E0-1438-4836-A22A-B00D3ECAF8E9}.Release|Any CPU.Build.0 = Release|Any CPU
		{314F23FF-8D3F-4701-875A-3FEE00B0EFCF}.Debug|Any CPU.ActiveCfg = Debug|Any CPU
		{314F23FF-8D3F-4701-875A-3FEE00B0EFCF}.Debug|Any CPU.Build.0 = Debug|Any CPU
		{314F23FF-8D3F-4701-875A-3FEE00B0EFCF}.Release|Any CPU.ActiveCfg = Release|Any CPU
		{314F23FF-8D3F-4701-875A-3FEE00B0EFCF}.Release|Any CPU.Build.0 = Release|Any CPU
		{5C495C0C-C1EF-433E-B61B-B7564E6742EB}.Debug|Any CPU.ActiveCfg = Debug|Any CPU
		{5C495C0C-C1EF-433E-B61B-B7564E6742EB}.Debug|Any CPU.Build.0 = Debug|Any CPU
		{5C495C0C-C1EF-433E-B61B-B7564E6742EB}.Release|Any CPU.ActiveCfg = Release|Any CPU
		{5C495C0C-C1EF-433E-B61B-B7564E6742EB}.Release|Any CPU.Build.0 = Release|Any CPU
		{153D0FDE-462A-44D2-9428-3B83E96ED1B8}.Debug|Any CPU.ActiveCfg = Debug|Any CPU
		{153D0FDE-462A-44D2-9428-3B83E96ED1B8}.Debug|Any CPU.Build.0 = Debug|Any CPU
		{153D0FDE-462A-44D2-9428-3B83E96ED1B8}.Release|Any CPU.ActiveCfg = Release|Any CPU
		{153D0FDE-462A-44D2-9428-3B83E96ED1B8}.Release|Any CPU.Build.0 = Release|Any CPU
		{13BD1821-CD12-48D2-B169-6B7137FAFF2F}.Debug|Any CPU.ActiveCfg = Debug|Any CPU
		{13BD1821-CD12-48D2-B169-6B7137FAFF2F}.Debug|Any CPU.Build.0 = Debug|Any CPU
		{13BD1821-CD12-48D2-B169-6B7137FAFF2F}.Debug|Any CPU.Deploy.0 = Debug|Any CPU
		{13BD1821-CD12-48D2-B169-6B7137FAFF2F}.Release|Any CPU.ActiveCfg = Release|Any CPU
		{13BD1821-CD12-48D2-B169-6B7137FAFF2F}.Release|Any CPU.Build.0 = Release|Any CPU
		{82BAB6DC-DE50-4F46-81D7-38B9FE4268B7}.Debug|Any CPU.ActiveCfg = Debug|Any CPU
		{82BAB6DC-DE50-4F46-81D7-38B9FE4268B7}.Debug|Any CPU.Build.0 = Debug|Any CPU
		{82BAB6DC-DE50-4F46-81D7-38B9FE4268B7}.Release|Any CPU.ActiveCfg = Release|Any CPU
		{82BAB6DC-DE50-4F46-81D7-38B9FE4268B7}.Release|Any CPU.Build.0 = Release|Any CPU
	EndGlobalSection
	GlobalSection(SolutionProperties) = preSolution
		HideSolutionNode = FALSE
	EndGlobalSection
	GlobalSection(NestedProjects) = preSolution
		{1965E47D-59EB-4CB5-9AE2-6821D12CA3BF} = {02EA681E-C7D8-13C7-8484-4AC65E1B71E8}
		{80526DF2-C43E-400E-9C3E-DD3CC94E3297} = {C7FCBB0F-EFCD-4241-8727-C273C1602CBF}
		{ED0B4894-C61E-45CF-9F6E-15B0A89E80FA} = {707DA459-EB11-4D9D-80C7-87DC528A928C}
		{2DDCF239-D2AC-4D70-BC43-12908E06DA2C} = {CF8E3935-6E62-4B2B-BE9D-670C2FCA145E}
		{219CC8E0-1438-4836-A22A-B00D3ECAF8E9} = {55FC1639-0FC5-47D8-9AA3-AF2CEC3A52C2}
		{314F23FF-8D3F-4701-875A-3FEE00B0EFCF} = {55FC1639-0FC5-47D8-9AA3-AF2CEC3A52C2}
		{5C495C0C-C1EF-433E-B61B-B7564E6742EB} = {55FC1639-0FC5-47D8-9AA3-AF2CEC3A52C2}
		{153D0FDE-462A-44D2-9428-3B83E96ED1B8} = {55FC1639-0FC5-47D8-9AA3-AF2CEC3A52C2}
		{13BD1821-CD12-48D2-B169-6B7137FAFF2F} = {CD391B39-03E2-490B-AC57-782969CFDE19}
		{82BAB6DC-DE50-4F46-81D7-38B9FE4268B7} = {EDBBC471-F63E-4ADF-B6F2-7740DFAD2D55}
	EndGlobalSection
	GlobalSection(ExtensibilityGlobals) = postSolution
		SolutionGuid = {5F97D7F3-D0F7-4661-ADC0-CD1AA306138D}
	EndGlobalSection
EndGlobal
